<?xml version="1.0" encoding="utf-8"?>
<Project ToolsVersion="4.0" xmlns:atg="http://atg.xbox.com" xmlns="http://schemas.microsoft.com/developer/msbuild/2003">
  <ItemGroup>
    <Filter Include="Resource Files">
      <UniqueIdentifier>{8e114980-c1a3-4ada-ad7c-83caadf5daeb}</UniqueIdentifier>
      <Extensions>rc;ico;cur;bmp;dlg;rc2;rct;bin;rgs;gif;jpg;jpeg;jpe</Extensions>
    </Filter>
    <Filter Include="DXUT">
      <UniqueIdentifier>{a43c5c25-0e86-4a20-b64a-883785ff74fd}</UniqueIdentifier>
    </Filter>
    <Filter Include="Shaders">
      <UniqueIdentifier>{2c3d4c8c-5d1a-459a-a05a-a4e4b608a44e}</UniqueIdentifier>
      <Extensions>fx;fxh;hlsl</Extensions>
    </Filter>
    <Filter Include="Manager">
      <UniqueIdentifier>{c78460a6-ebc5-45df-8339-be7aa0a545af}</UniqueIdentifier>
    </Filter>
    <Filter Include="Manager\SceneManager">
      <UniqueIdentifier>{f2b3328d-8a86-4a96-90b8-2827444a2e2a}</UniqueIdentifier>
    </Filter>
    <Filter Include="Scene">
      <UniqueIdentifier>{766d36a7-3c52-40e3-bb1a-b341b7e76f0e}</UniqueIdentifier>
    </Filter>
    <Filter Include="MainGame">
      <UniqueIdentifier>{9d632ca5-3617-4fd3-a9b3-31917203d73e}</UniqueIdentifier>
    </Filter>
    <Filter Include="Manager\InputManager">
      <UniqueIdentifier>{9eff9f58-8511-4753-96ca-b41b93589b8d}</UniqueIdentifier>
    </Filter>
    <Filter Include="Manager\ObjectManager">
      <UniqueIdentifier>{1defae1b-b6ec-4e85-b2a5-be00712d4ad8}</UniqueIdentifier>
    </Filter>
    <Filter Include="Manager\ResourceManager">
      <UniqueIdentifier>{2c4c860e-3487-4435-ad34-0f0eecfc1343}</UniqueIdentifier>
    </Filter>
    <Filter Include="MeshLoader">
      <UniqueIdentifier>{2d44c366-366d-478a-b0ca-8f91638a7fb1}</UniqueIdentifier>
    </Filter>
    <Filter Include="GameObject">
      <UniqueIdentifier>{a569365d-cf11-4b53-92c6-57074cca2024}</UniqueIdentifier>
    </Filter>
    <Filter Include="Component">
      <UniqueIdentifier>{169830ed-a783-4a84-a942-4fe4e9a08a37}</UniqueIdentifier>
    </Filter>
    <Filter Include="Component\Transform">
      <UniqueIdentifier>{27e9d85a-31d2-43e1-9e33-839bfd3d4cbf}</UniqueIdentifier>
    </Filter>
    <Filter Include="Component\Renderer">
      <UniqueIdentifier>{5a607247-1047-4e05-9b94-7f9a77adb4fa}</UniqueIdentifier>
    </Filter>
    <Filter Include="Component\UIRenderer">
      <UniqueIdentifier>{9323a531-e5aa-4fa9-8dab-cd72c35ee184}</UniqueIdentifier>
    </Filter>
    <Filter Include="Component\ShaderRenderer">
      <UniqueIdentifier>{b9d35f56-3981-450f-8371-3caeac1717db}</UniqueIdentifier>
    </Filter>
    <Filter Include="Scene\Stage01">
      <UniqueIdentifier>{fe55d987-ebc9-4108-8884-65966ad33b69}</UniqueIdentifier>
    </Filter>
    <Filter Include="Scene\LoadingScene">
      <UniqueIdentifier>{05f30240-e3e0-4f7a-98b6-3dfac8428497}</UniqueIdentifier>
    </Filter>
    <Filter Include="Func">
      <UniqueIdentifier>{3fc6542e-3b35-4189-84de-14ef566bab14}</UniqueIdentifier>
    </Filter>
    <Filter Include="Manager\CameraManager">
      <UniqueIdentifier>{5d1cf405-f2ca-4143-a134-5d34c4cff613}</UniqueIdentifier>
    </Filter>
    <Filter Include="GameObject\Player">
      <UniqueIdentifier>{8590ab05-90dd-4822-a629-8f3b53d911e8}</UniqueIdentifier>
    </Filter>
    <Filter Include="Component\Animater">
      <UniqueIdentifier>{6099f45b-ceff-4781-823e-428658713377}</UniqueIdentifier>
    </Filter>
    <Filter Include="GameObject\Map">
      <UniqueIdentifier>{d84b2b0c-034a-4a12-96fd-963959443c4c}</UniqueIdentifier>
    </Filter>
    <Filter Include="GameObject\Map\Map01">
      <UniqueIdentifier>{0e4b4604-e537-4130-8554-422ab4047679}</UniqueIdentifier>
    </Filter>
    <Filter Include="Manager\MapManager">
      <UniqueIdentifier>{47c5a3fe-9244-4fa8-a71b-11fd494b2ca4}</UniqueIdentifier>
    </Filter>
    <Filter Include="Component\RigidBody">
      <UniqueIdentifier>{a3db44b0-efac-40b0-8145-ce889ffb77ad}</UniqueIdentifier>
    </Filter>
    <Filter Include="Component\PixelCollider">
      <UniqueIdentifier>{d7dc209d-16bf-4e46-8185-4ff7624cd6ed}</UniqueIdentifier>
    </Filter>
  </ItemGroup>
  <ItemGroup>
    <None Include="DXUT\Optional\directx.ico">
      <Filter>Resource Files</Filter>
    </None>
    <ClInclude Include="DXUT\Core\DXUT.h">
      <Filter>DXUT</Filter>
    </ClInclude>
    <ClInclude Include="DXUT\Core\DXUTenum.h">
      <Filter>DXUT</Filter>
    </ClInclude>
    <ClInclude Include="DXUT\Core\DXUTmisc.h">
      <Filter>DXUT</Filter>
    </ClInclude>
    <ClCompile Include="DXUT\Core\DXUT.cpp">
      <Filter>DXUT</Filter>
    </ClCompile>
    <ClCompile Include="DXUT\Core\DXUTenum.cpp">
      <Filter>DXUT</Filter>
    </ClCompile>
    <ClCompile Include="DXUT\Core\DXUTmisc.cpp">
      <Filter>DXUT</Filter>
    </ClCompile>
    <ClInclude Include="DXUT\Optional\DXUTcamera.h">
      <Filter>DXUT</Filter>
    </ClInclude>
    <ClInclude Include="DXUT\Optional\DXUTgui.h">
      <Filter>DXUT</Filter>
    </ClInclude>
    <ClInclude Include="DXUT\Optional\DXUTres.h">
      <Filter>DXUT</Filter>
    </ClInclude>
    <ClInclude Include="DXUT\Optional\DXUTsettingsdlg.h">
      <Filter>DXUT</Filter>
    </ClInclude>
    <ClInclude Include="DXUT\Optional\SDKmesh.h">
      <Filter>DXUT</Filter>
    </ClInclude>
    <ClInclude Include="DXUT\Optional\SDKmisc.h">
      <Filter>DXUT</Filter>
    </ClInclude>
    <ClCompile Include="DXUT\Optional\DXUTcamera.cpp">
      <Filter>DXUT</Filter>
    </ClCompile>
    <ClCompile Include="DXUT\Optional\DXUTgui.cpp">
      <Filter>DXUT</Filter>
    </ClCompile>
    <ClCompile Include="DXUT\Optional\DXUTres.cpp">
      <Filter>DXUT</Filter>
    </ClCompile>
    <ClCompile Include="DXUT\Optional\DXUTsettingsdlg.cpp">
      <Filter>DXUT</Filter>
    </ClCompile>
    <ClCompile Include="DXUT\Optional\SDKmesh.cpp">
      <Filter>DXUT</Filter>
    </ClCompile>
    <ClCompile Include="DXUT\Optional\SDKmisc.cpp">
      <Filter>DXUT</Filter>
    </ClCompile>
  </ItemGroup>
  <ItemGroup>
    <ClCompile Include="EmptyProject.cpp" />
    <ClCompile Include="SceneManager.cpp">
      <Filter>Manager\SceneManager</Filter>
    </ClCompile>
    <ClCompile Include="Scene.cpp">
      <Filter>Scene</Filter>
    </ClCompile>
    <ClCompile Include="MainGame.cpp">
      <Filter>MainGame</Filter>
    </ClCompile>
    <ClCompile Include="InputManager.cpp">
      <Filter>Manager\InputManager</Filter>
    </ClCompile>
    <ClCompile Include="ObjectManager.cpp">
      <Filter>Manager\ObjectManager</Filter>
    </ClCompile>
    <ClCompile Include="ResourceManager.cpp">
      <Filter>Manager\ResourceManager</Filter>
    </ClCompile>
    <ClCompile Include="GameObject.cpp">
      <Filter>GameObject</Filter>
    </ClCompile>
    <ClCompile Include="Component.cpp">
      <Filter>Component</Filter>
    </ClCompile>
    <ClCompile Include="Transform.cpp">
      <Filter>Component\Transform</Filter>
    </ClCompile>
    <ClCompile Include="Renderer.cpp">
      <Filter>Component\Renderer</Filter>
    </ClCompile>
    <ClCompile Include="UIRenderer.cpp">
      <Filter>Component\UIRenderer</Filter>
    </ClCompile>
    <ClCompile Include="ShaderRenderer.cpp">
      <Filter>Component\ShaderRenderer</Filter>
    </ClCompile>
    <ClCompile Include="Stage01.cpp">
      <Filter>Scene\Stage01</Filter>
    </ClCompile>
    <ClCompile Include="LoadingScene.cpp">
      <Filter>Scene\LoadingScene</Filter>
    </ClCompile>
    <ClCompile Include="Func.cpp">
      <Filter>Func</Filter>
    </ClCompile>
    <ClCompile Include="CameraManger.cpp">
      <Filter>Manager\CameraManager</Filter>
    </ClCompile>
    <ClCompile Include="PlayerTank.cpp">
      <Filter>GameObject\Player</Filter>
    </ClCompile>
    <ClCompile Include="Animater.cpp">
      <Filter>Component\Animater</Filter>
    </ClCompile>
    <ClCompile Include="Map.cpp">
      <Filter>GameObject\Map</Filter>
    </ClCompile>
    <ClCompile Include="Map01.cpp">
      <Filter>GameObject\Map\Map01</Filter>
    </ClCompile>
    <ClCompile Include="MapManager.cpp">
      <Filter>Manager\MapManager</Filter>
    </ClCompile>
    <ClCompile Include="MeshLoader.cpp">
      <Filter>MeshLoader</Filter>
    </ClCompile>
    <ClCompile Include="RigidBody.cpp">
      <Filter>Component\RigidBody</Filter>
    </ClCompile>
    <ClCompile Include="PixelCollider.cpp">
      <Filter>Component\PixelCollider</Filter>
    </ClCompile>
  </ItemGroup>
  <ItemGroup>
    <ClInclude Include="pch.h" />
    <ClInclude Include="singleton.h">
      <Filter>Manager</Filter>
    </ClInclude>
    <ClInclude Include="SceneManager.h">
      <Filter>Manager\SceneManager</Filter>
    </ClInclude>
    <ClInclude Include="Scene.h">
      <Filter>Scene</Filter>
    </ClInclude>
    <ClInclude Include="MainGame.h">
      <Filter>MainGame</Filter>
    </ClInclude>
    <ClInclude Include="InputManager.h">
      <Filter>Manager\InputManager</Filter>
    </ClInclude>
    <ClInclude Include="ObjectManager.h">
      <Filter>Manager\ObjectManager</Filter>
    </ClInclude>
    <ClInclude Include="ResourceManager.h">
      <Filter>Manager\ResourceManager</Filter>
    </ClInclude>
    <ClInclude Include="GameObject.h">
      <Filter>GameObject</Filter>
    </ClInclude>
    <ClInclude Include="Component.h">
      <Filter>Component</Filter>
    </ClInclude>
    <ClInclude Include="Transform.h">
      <Filter>Component\Transform</Filter>
    </ClInclude>
    <ClInclude Include="Renderer.h">
      <Filter>Component\Renderer</Filter>
    </ClInclude>
    <ClInclude Include="UIRenderer.h">
      <Filter>Component\UIRenderer</Filter>
    </ClInclude>
    <ClInclude Include="ShaderRenderer.h">
      <Filter>Component\ShaderRenderer</Filter>
    </ClInclude>
    <ClInclude Include="Stage01.h">
      <Filter>Scene\Stage01</Filter>
    </ClInclude>
    <ClInclude Include="LoadingScene.h">
      <Filter>Scene\LoadingScene</Filter>
    </ClInclude>
    <ClInclude Include="Func.h">
      <Filter>Func</Filter>
    </ClInclude>
    <ClInclude Include="CameraManger.h">
      <Filter>Manager\CameraManager</Filter>
    </ClInclude>
    <ClInclude Include="PlayerTank.h">
      <Filter>GameObject\Player</Filter>
    </ClInclude>
    <ClInclude Include="Animater.h">
      <Filter>Component\Animater</Filter>
    </ClInclude>
    <ClInclude Include="Map.h">
      <Filter>GameObject\Map</Filter>
    </ClInclude>
    <ClInclude Include="Map01.h">
      <Filter>GameObject\Map\Map01</Filter>
    </ClInclude>
    <ClInclude Include="MapManager.h">
      <Filter>Manager\MapManager</Filter>
    </ClInclude>
    <ClInclude Include="MeshLoader.h">
      <Filter>MeshLoader</Filter>
    </ClInclude>
    <ClInclude Include="RigidBody.h">
      <Filter>Component\RigidBody</Filter>
    </ClInclude>
    <ClInclude Include="PixelCollider.h">
      <Filter>Component\PixelCollider</Filter>
    </ClInclude>
  </ItemGroup>
  <ItemGroup>
    <CLInclude Include="resource.h">
      <Filter>Resource Files</Filter>
    </CLInclude>
    <ResourceCompile Include="EmptyProject.rc">
      <Filter>Resource Files</Filter>
    </ResourceCompile>
  </ItemGroup>
  <ItemGroup>
  </ItemGroup>
</Project>